<Solution>
  <Folder Name="/Api/">
    <Project Path="Api/AiAgentsTeam.Api.csproj" />
  </Folder>
  <Folder Name="/Application/">
    <Project Path="Application/AiAgentsTeam.Application.csproj" />
  </Folder>
  <Folder Name="/Domain/">
    <Project Path="Domain/AiAgentsTeam.Domain.csproj" />
  </Folder>
  <Folder Name="/Infrastructure/">
    <Project Path="Infrastructure/AiAgentsTeam.Infrastructure.csproj" />
  </Folder>
  <Folder Name="/Tests/">
    <Project Path="Tests/AiAgentsTeam.IntegrationTests/AiAgentsTeam.IntegrationTests.csproj" />
  </Folder>
</Solution>
